
Microsoft Visual Studio Solution File, Format Version 12.00
# Visual Studio Version 17
VisualStudioVersion = 17.5.33516.290
MinimumVisualStudioVersion = 10.0.40219.1
Project("{FAE04EC0-301F-11D3-BF4B-00C04F79EFBC}") = "PasswordMangerApp", "PasswordMangerApp\PasswordMangerApp.csproj", "{0DB59C1B-DD98-4E40-9C15-F67FCD10008B}"
EndProject
Global
	GlobalSection(SolutionConfigurationPlatforms) = preSolution
		Debug|Any CPU = Debug|Any CPU
		Release|Any CPU = Release|Any CPU
	EndGlobalSection
	GlobalSection(ProjectConfigurationPlatforms) = postSolution
		{0DB59C1B-DD98-4E40-9C15-F67FCD10008B}.Debug|Any CPU.ActiveCfg = Debug|Any CPU
		{0DB59C1B-DD98-4E40-9C15-F67FCD10008B}.Debug|Any CPU.Build.0 = Debug|Any CPU
		{0DB59C1B-DD98-4E40-9C15-F67FCD10008B}.Release|Any CPU.ActiveCfg = Release|Any CPU
		{0DB59C1B-DD98-4E40-9C15-F67FCD10008B}.Release|Any CPU.Build.0 = Release|Any CPU
	EndGlobalSection
	GlobalSection(SolutionProperties) = preSolution
		HideSolutionNode = FALSE
	EndGlobalSection
	GlobalSection(ExtensibilityGlobals) = postSolution
		SolutionGuid = {2E095B60-4876-4392-82F0-75E26B82B582}
	EndGlobalSection
EndGlobal
